<?xml version="1.0" encoding="utf-8"?>
<Project ToolsVersion="4.0" xmlns="http://schemas.microsoft.com/developer/msbuild/2003">
  <ItemGroup>
    <Filter Include="Source Files">
      <UniqueIdentifier>{4FC737F1-C7A5-4376-A066-2A32D752A2FF}</UniqueIdentifier>
      <Extensions>cpp;c;cc;cxx;def;odl;idl;hpj;bat;asm;asmx</Extensions>
    </Filter>
    <Filter Include="Header Files">
      <UniqueIdentifier>{93995380-89BD-4b04-88EB-625FBE52EBFB}</UniqueIdentifier>
      <Extensions>h;hh;hpp;hxx;hm;inl;inc;xsd</Extensions>
    </Filter>
    <Filter Include="Resource Files">
      <UniqueIdentifier>{67DA6AB6-F800-4c08-8B7A-83BB121AAD01}</UniqueIdentifier>
      <Extensions>rc;ico;cur;bmp;dlg;rc2;rct;bin;rgs;gif;jpg;jpeg;jpe;resx;tiff;tif;png;wav;mfcribbon-ms</Extensions>
    </Filter>
  </ItemGroup>
  <ItemGroup>
    <ClCompile Include="Source\Main.cpp">
      <Filter>Source Files</Filter>
    </ClCompile>
    <ClCompile Include="Source\TerrainMaster\Utils\Buffers\Buffers.cpp">
      <Filter>Source Files</Filter>
    </ClCompile>
    <ClCompile Include="Source\TerrainMaster\Utils\Buffers\FloatBuffer.cpp">
      <Filter>Source Files</Filter>
    </ClCompile>
    <ClCompile Include="Source\TerrainMaster\Utils\Buffers\IntBuffer.cpp">
      <Filter>Source Files</Filter>
    </ClCompile>
    <ClCompile Include="Source\TerrainMaster\Render\Mesh\VertexBuffer.cpp">
      <Filter>Source Files</Filter>
    </ClCompile>
    <ClCompile Include="Source\TerrainMaster\Render\Mesh\Mesh.cpp">
      <Filter>Source Files</Filter>
    </ClCompile>
    <ClCompile Include="Source\TerrainMaster\Render\RenderState.cpp">
      <Filter>Source Files</Filter>
    </ClCompile>
    <ClCompile Include="Source\TerrainMaster\Utils\ColorRGBA.cpp">
      <Filter>Source Files</Filter>
    </ClCompile>
    <ClCompile Include="Source\TerrainMaster\Utils\NativeObject.cpp">
      <Filter>Source Files</Filter>
    </ClCompile>
    <ClCompile Include="Source\TerrainMaster\Render\Renderer.cpp">
      <Filter>Source Files</Filter>
    </ClCompile>
    <ClCompile Include="Source\TerrainMaster\Utils\File.cpp">
      <Filter>Source Files</Filter>
    </ClCompile>
    <ClCompile Include="Source\TerrainMaster\Render\Shader.cpp">
      <Filter>Source Files</Filter>
    </ClCompile>
    <ClCompile Include="Source\TerrainMaster\Utils\Files.cpp">
      <Filter>Source Files</Filter>
    </ClCompile>
    <ClCompile Include="Source\TerrainMaster\Window\Display.cpp">
      <Filter>Source Files</Filter>
    </ClCompile>
  </ItemGroup>
  <ItemGroup>
    <ClInclude Include="Source\TerrainMaster\Utils\Buffers\Buffer.h">
      <Filter>Header Files</Filter>
    </ClInclude>
    <ClInclude Include="Source\TerrainMaster\Utils\Buffers\FloatBuffer.h">
      <Filter>Header Files</Filter>
    </ClInclude>
    <ClInclude Include="Source\TerrainMaster\Utils\Buffers\IntBuffer.h">
      <Filter>Header Files</Filter>
    </ClInclude>
    <ClInclude Include="Source\TerrainMaster\Utils\Buffers\Buffers.h">
      <Filter>Header Files</Filter>
    </ClInclude>
    <ClInclude Include="Source\TerrainMaster\Utils\NativeObject.h">
      <Filter>Header Files</Filter>
    </ClInclude>
    <ClInclude Include="Source\TerrainMaster\Render\Mesh\VertexBuffer.h">
      <Filter>Header Files</Filter>
    </ClInclude>
    <ClInclude Include="Source\TerrainMaster\Utils\SharedPtr.h">
      <Filter>Header Files</Filter>
    </ClInclude>
    <ClInclude Include="Source\TerrainMaster\Render\Mesh\Mesh.h">
      <Filter>Header Files</Filter>
    </ClInclude>
    <ClInclude Include="Source\TerrainMaster\Render\Renderer.h">
      <Filter>Header Files</Filter>
    </ClInclude>
    <ClInclude Include="Source\TerrainMaster\Render\RenderState.h">
      <Filter>Header Files</Filter>
    </ClInclude>
    <ClInclude Include="Source\TerrainMaster\Utils\ColorRGBA.h">
      <Filter>Header Files</Filter>
    </ClInclude>
    <ClInclude Include="Source\TerrainMaster\Utils\File.h">
      <Filter>Header Files</Filter>
    </ClInclude>
    <ClInclude Include="Source\TerrainMaster\Render\Shader.h">
      <Filter>Header Files</Filter>
    </ClInclude>
    <ClInclude Include="Source\TerrainMaster\Utils\Files.h">
      <Filter>Header Files</Filter>
    </ClInclude>
    <ClInclude Include="Source\TerrainMaster\Window\CursorType.h">
      <Filter>Header Files</Filter>
    </ClInclude>
    <ClInclude Include="Source\TerrainMaster\Window\Display.h">
      <Filter>Header Files</Filter>
    </ClInclude>
  </ItemGroup>
</Project>